
Microsoft Visual Studio Solution File, Format Version 12.00
# Visual Studio 14
VisualStudioVersion = 14.0.25420.1
MinimumVisualStudioVersion = 10.0.40219.1
Project("{2150E333-8FDC-42A3-9474-1A3956D46DE8}") = "src", "src", "{F9CD17B2-71B0-4193-8028-541403725E0D}"
EndProject
Project("{2150E333-8FDC-42A3-9474-1A3956D46DE8}") = "Solution Items", "Solution Items", "{69D35DAA-8C10-4BDF-8457-A6F874099677}"
	ProjectSection(SolutionItems) = preProject
		global.json = global.json
	EndProjectSection
EndProject
Project("{8BB2217D-0F2D-49D1-97BC-3654ED321F3B}") = "FluentUriBuilder", "src\FluentUriBuilder\FluentUriBuilder.xproj", "{F6EA52B1-1BC1-490B-A348-87E83C63F24B}"
EndProject
Global
	GlobalSection(SolutionConfigurationPlatforms) = preSolution
		Debug|Any CPU = Debug|Any CPU
		Release|Any CPU = Release|Any CPU
	EndGlobalSection
	GlobalSection(ProjectConfigurationPlatforms) = postSolution
		{F6EA52B1-1BC1-490B-A348-87E83C63F24B}.Debug|Any CPU.ActiveCfg = Debug|Any CPU
		{F6EA52B1-1BC1-490B-A348-87E83C63F24B}.Debug|Any CPU.Build.0 = Debug|Any CPU
		{F6EA52B1-1BC1-490B-A348-87E83C63F24B}.Release|Any CPU.ActiveCfg = Release|Any CPU
		{F6EA52B1-1BC1-490B-A348-87E83C63F24B}.Release|Any CPU.Build.0 = Release|Any CPU
	EndGlobalSection
	GlobalSection(SolutionProperties) = preSolution
		HideSolutionNode = FALSE
	EndGlobalSection
	GlobalSection(NestedProjects) = preSolution
		{F6EA52B1-1BC1-490B-A348-87E83C63F24B} = {F9CD17B2-71B0-4193-8028-541403725E0D}
	EndGlobalSection
EndGlobal
