
Microsoft Visual Studio Solution File, Format Version 12.00
# Visual Studio Version 17
VisualStudioVersion = 17.0.31903.59
MinimumVisualStudioVersion = 10.0.40219.1
Project("{2150E333-8FDC-42A3-9474-1A3956D46DE8}") = "src", "src", "{BE84C3E5-BA06-4A89-A786-62423FF4A87F}"
EndProject
Project("{FAE04EC0-301F-11D3-BF4B-00C04F79EFBC}") = "UriBuilder.Fluent", "src\UriBuilder.Fluent\UriBuilder.Fluent.csproj", "{81D561B6-AB75-4A65-B770-20EEF16E6AF7}"
EndProject
Project("{FAE04EC0-301F-11D3-BF4B-00C04F79EFBC}") = "UriBuilder.Fluent.UnitTests", "src\UriBuilder.Fluent.UnitTests\UriBuilder.Fluent.UnitTests.csproj", "{87BEA737-87E0-4114-986F-6080FA58B187}"
EndProject
Global
	GlobalSection(SolutionConfigurationPlatforms) = preSolution
		Debug|Any CPU = Debug|Any CPU
		Release|Any CPU = Release|Any CPU
	EndGlobalSection
	GlobalSection(SolutionProperties) = preSolution
		HideSolutionNode = FALSE
	EndGlobalSection
	GlobalSection(ProjectConfigurationPlatforms) = postSolution
		{81D561B6-AB75-4A65-B770-20EEF16E6AF7}.Debug|Any CPU.ActiveCfg = Debug|Any CPU
		{81D561B6-AB75-4A65-B770-20EEF16E6AF7}.Debug|Any CPU.Build.0 = Debug|Any CPU
		{81D561B6-AB75-4A65-B770-20EEF16E6AF7}.Release|Any CPU.ActiveCfg = Release|Any CPU
		{81D561B6-AB75-4A65-B770-20EEF16E6AF7}.Release|Any CPU.Build.0 = Release|Any CPU
		{87BEA737-87E0-4114-986F-6080FA58B187}.Debug|Any CPU.ActiveCfg = Debug|Any CPU
		{87BEA737-87E0-4114-986F-6080FA58B187}.Debug|Any CPU.Build.0 = Debug|Any CPU
		{87BEA737-87E0-4114-986F-6080FA58B187}.Release|Any CPU.ActiveCfg = Release|Any CPU
		{87BEA737-87E0-4114-986F-6080FA58B187}.Release|Any CPU.Build.0 = Release|Any CPU
	EndGlobalSection
	GlobalSection(NestedProjects) = preSolution
		{81D561B6-AB75-4A65-B770-20EEF16E6AF7} = {BE84C3E5-BA06-4A89-A786-62423FF4A87F}
		{87BEA737-87E0-4114-986F-6080FA58B187} = {BE84C3E5-BA06-4A89-A786-62423FF4A87F}
	EndGlobalSection
EndGlobal
